
Microsoft Visual Studio Solution File, Format Version 12.00
# Visual Studio 15
VisualStudioVersion = 15.0.27130.2027
MinimumVisualStudioVersion = 10.0.40219.1
Project("{FAE04EC0-301F-11D3-BF4B-00C04F79EFBC}") = "Books_Lib", "Books_Lib\Books_Lib.csproj", "{04237F10-B67A-4DF6-BA0C-84015146A5ED}"
EndProject
Project("{FAE04EC0-301F-11D3-BF4B-00C04F79EFBC}") = "Books_Windows_App", "Books_Windows_App\Books_Windows_App.csproj", "{2B9425D8-1757-40B3-AE7F-16A78B91DAF3}"
EndProject
Global
	GlobalSection(SolutionConfigurationPlatforms) = preSolution
		Debug|Any CPU = Debug|Any CPU
		Release|Any CPU = Release|Any CPU
	EndGlobalSection
	GlobalSection(ProjectConfigurationPlatforms) = postSolution
		{04237F10-B67A-4DF6-BA0C-84015146A5ED}.Debug|Any CPU.ActiveCfg = Debug|Any CPU
		{04237F10-B67A-4DF6-BA0C-84015146A5ED}.Debug|Any CPU.Build.0 = Debug|Any CPU
		{04237F10-B67A-4DF6-BA0C-84015146A5ED}.Release|Any CPU.ActiveCfg = Release|Any CPU
		{04237F10-B67A-4DF6-BA0C-84015146A5ED}.Release|Any CPU.Build.0 = Release|Any CPU
		{2B9425D8-1757-40B3-AE7F-16A78B91DAF3}.Debug|Any CPU.ActiveCfg = Debug|Any CPU
		{2B9425D8-1757-40B3-AE7F-16A78B91DAF3}.Debug|Any CPU.Build.0 = Debug|Any CPU
		{2B9425D8-1757-40B3-AE7F-16A78B91DAF3}.Release|Any CPU.ActiveCfg = Release|Any CPU
		{2B9425D8-1757-40B3-AE7F-16A78B91DAF3}.Release|Any CPU.Build.0 = Release|Any CPU
	EndGlobalSection
	GlobalSection(SolutionProperties) = preSolution
		HideSolutionNode = FALSE
	EndGlobalSection
	GlobalSection(ExtensibilityGlobals) = postSolution
		SolutionGuid = {7EAEDEF4-5C8D-4F72-ACA1-C1F54A16808C}
	EndGlobalSection
EndGlobal
